
Microsoft Visual Studio Solution File, Format Version 12.00
# Visual Studio Version 17
VisualStudioVersion = 17.3.32922.545
MinimumVisualStudioVersion = 10.0.40219.1
Project("{8BC9CEB8-8B4A-11D0-8D11-00A0C91BC942}") = "PlasmaDataProcessingDLL_v2.0", "PlasmaDataProcessingDLL_v2.0.vcxproj", "{FCF07C27-6594-4A2C-BD3B-C70E73ADB68E}"
EndProject
Global
	GlobalSection(SolutionConfigurationPlatforms) = preSolution
		Debug|x64 = Debug|x64
		Debug|x86 = Debug|x86
		Release|x64 = Release|x64
		Release|x86 = Release|x86
	EndGlobalSection
	GlobalSection(ProjectConfigurationPlatforms) = postSolution
		{FCF07C27-6594-4A2C-BD3B-C70E73ADB68E}.Debug|x64.ActiveCfg = Release|x64
		{FCF07C27-6594-4A2C-BD3B-C70E73ADB68E}.Debug|x64.Build.0 = Release|x64
		{FCF07C27-6594-4A2C-BD3B-C70E73ADB68E}.Debug|x86.ActiveCfg = Debug|Win32
		{FCF07C27-6594-4A2C-BD3B-C70E73ADB68E}.Debug|x86.Build.0 = Debug|Win32
		{FCF07C27-6594-4A2C-BD3B-C70E73ADB68E}.Release|x64.ActiveCfg = Release|x64
		{FCF07C27-6594-4A2C-BD3B-C70E73ADB68E}.Release|x64.Build.0 = Release|x64
		{FCF07C27-6594-4A2C-BD3B-C70E73ADB68E}.Release|x86.ActiveCfg = Release|Win32
		{FCF07C27-6594-4A2C-BD3B-C70E73ADB68E}.Release|x86.Build.0 = Release|Win32
	EndGlobalSection
	GlobalSection(SolutionProperties) = preSolution
		HideSolutionNode = FALSE
	EndGlobalSection
	GlobalSection(ExtensibilityGlobals) = postSolution
		SolutionGuid = {1B775B31-B017-4635-B53B-B7AAB892BD1E}
	EndGlobalSection
EndGlobal
