
Microsoft Visual Studio Solution File, Format Version 12.00
# Visual Studio Version 17
VisualStudioVersion = 17.3.32922.545
MinimumVisualStudioVersion = 10.0.40219.1
Project("{8BC9CEB8-8B4A-11D0-8D11-00A0C91BC942}") = "muparser", "muparser.vcxproj", "{AD24DD55-DAD7-45CB-8F18-66BAFFB7345E}"
EndProject
Global
	GlobalSection(SolutionConfigurationPlatforms) = preSolution
		Debug|x64 = Debug|x64
		Debug|x86 = Debug|x86
		Release|x64 = Release|x64
		Release|x86 = Release|x86
	EndGlobalSection
	GlobalSection(ProjectConfigurationPlatforms) = postSolution
		{AD24DD55-DAD7-45CB-8F18-66BAFFB7345E}.Debug|x64.ActiveCfg = Debug|x64
		{AD24DD55-DAD7-45CB-8F18-66BAFFB7345E}.Debug|x64.Build.0 = Debug|x64
		{AD24DD55-DAD7-45CB-8F18-66BAFFB7345E}.Debug|x86.ActiveCfg = Debug|Win32
		{AD24DD55-DAD7-45CB-8F18-66BAFFB7345E}.Debug|x86.Build.0 = Debug|Win32
		{AD24DD55-DAD7-45CB-8F18-66BAFFB7345E}.Release|x64.ActiveCfg = Release|x64
		{AD24DD55-DAD7-45CB-8F18-66BAFFB7345E}.Release|x64.Build.0 = Release|x64
		{AD24DD55-DAD7-45CB-8F18-66BAFFB7345E}.Release|x86.ActiveCfg = Release|Win32
		{AD24DD55-DAD7-45CB-8F18-66BAFFB7345E}.Release|x86.Build.0 = Release|Win32
	EndGlobalSection
	GlobalSection(SolutionProperties) = preSolution
		HideSolutionNode = FALSE
	EndGlobalSection
	GlobalSection(ExtensibilityGlobals) = postSolution
		SolutionGuid = {FF07C40D-B90E-4467-A0A0-15B65878E563}
	EndGlobalSection
EndGlobal
